<?xml version="1.0" encoding="utf-8"?>
<Project ToolsVersion="4.0" xmlns="http://schemas.microsoft.com/developer/msbuild/2003">
  <ItemGroup>
    <Filter Include="Entities">
      <UniqueIdentifier>{f7ad4d8c-8479-4183-bf09-e5e8f15591f9}</UniqueIdentifier>
    </Filter>
    <Filter Include="Service">
      <UniqueIdentifier>{b26bf8dc-5407-4668-913d-c6ba6e72c3ee}</UniqueIdentifier>
    </Filter>
    <Filter Include="Entities\Light">
      <UniqueIdentifier>{ff162a79-bb56-4f7d-ab56-fef25f8d5418}</UniqueIdentifier>
    </Filter>
  </ItemGroup>
  <ItemGroup>
    <ClCompile Include="Cube.cpp">
      <Filter>Entities</Filter>
    </ClCompile>
    <ClCompile Include="Graphics.cpp" />
    <ClCompile Include="Ball.cpp">
      <Filter>Entities</Filter>
    </ClCompile>
    <ClCompile Include="Light.cpp">
      <Filter>Entities\Light</Filter>
    </ClCompile>
    <ClCompile Include="DotLight.cpp">
      <Filter>Entities\Light</Filter>
    </ClCompile>
    <ClCompile Include="ProjectorLight.cpp">
      <Filter>Entities\Light</Filter>
    </ClCompile>
    <ClCompile Include="Pane.cpp">
      <Filter>Entities</Filter>
    </ClCompile>
  </ItemGroup>
  <ItemGroup>
    <ClInclude Include="SceneObject.h">
      <Filter>Entities</Filter>
    </ClInclude>
    <ClInclude Include="Cube.h">
      <Filter>Entities</Filter>
    </ClInclude>
    <ClInclude Include="Entities.h">
      <Filter>Service</Filter>
    </ClInclude>
    <ClInclude Include="Ball.h">
      <Filter>Entities</Filter>
    </ClInclude>
    <ClInclude Include="Light.h">
      <Filter>Entities\Light</Filter>
    </ClInclude>
    <ClInclude Include="DotLight.h">
      <Filter>Entities\Light</Filter>
    </ClInclude>
    <ClInclude Include="ProjectorLight.h">
      <Filter>Entities\Light</Filter>
    </ClInclude>
    <ClInclude Include="Pane.h">
      <Filter>Entities</Filter>
    </ClInclude>
  </ItemGroup>
</Project>